// !$*UTF8*$!
{
	archiveVersion = 1;
	classes = {
	};
	objectVersion = 46;
	objects = {

/* Begin PBXBuildFile section */
		38B02AF11B82016500C2B0A2 /* main.m in Sources */ = {isa = PBXBuildFile; fileRef = 38B02AF01B82016500C2B0A2 /* main.m */; };
		38B02AF41B82016500C2B0A2 /* AppDelegate.m in Sources */ = {isa = PBXBuildFile; fileRef = 38B02AF31B82016500C2B0A2 /* AppDelegate.m */; };
		38B02AF71B82016500C2B0A2 /* MasterViewController.m in Sources */ = {isa = PBXBuildFile; fileRef = 38B02AF61B82016500C2B0A2 /* MasterViewController.m */; };
		38B02AFA1B82016500C2B0A2 /* MapDetailViewController.m in Sources */ = {isa = PBXBuildFile; fileRef = 38B02AF91B82016500C2B0A2 /* MapDetailViewController.m */; };
		38B02AFD1B82016500C2B0A2 /* Main.storyboard in Resources */ = {isa = PBXBuildFile; fileRef = 38B02AFB1B82016500C2B0A2 /* Main.storyboard */; };
		38B02AFF1B82016500C2B0A2 /* Images.xcassets in Resources */ = {isa = PBXBuildFile; fileRef = 38B02AFE1B82016500C2B0A2 /* Images.xcassets */; };
		38B02B021B82016500C2B0A2 /* LaunchScreen.xib in Resources */ = {isa = PBXBuildFile; fileRef = 38B02B001B82016500C2B0A2 /* LaunchScreen.xib */; };
		38B02B0E1B82016500C2B0A2 /* Master_MapTests.m in Sources */ = {isa = PBXBuildFile; fileRef = 38B02B0D1B82016500C2B0A2 /* Master_MapTests.m */; };
		38B02B191B8205A900C2B0A2 /* MMapConstants.m in Sources */ = {isa = PBXBuildFile; fileRef = 38B02B181B8205A900C2B0A2 /* MMapConstants.m */; };
		A6B84F7446286C375610886E /* libPods-Master-Map.a in Frameworks */ = {isa = PBXBuildFile; fileRef = D258EFEA5DBF25B880700C4B /* libPods-Master-Map.a */; };
/* End PBXBuildFile section */

/* Begin PBXContainerItemProxy section */
		38B02B081B82016500C2B0A2 /* PBXContainerItemProxy */ = {
			isa = PBXContainerItemProxy;
			containerPortal = 38B02AE31B82016500C2B0A2 /* Project object */;
			proxyType = 1;
			remoteGlobalIDString = 38B02AEA1B82016500C2B0A2;
			remoteInfo = "Master-Map";
		};
/* End PBXContainerItemProxy section */

/* Begin PBXFileReference section */
		33C68B9475FDA6967D0659EB /* Pods-Master-Map.debug.xcconfig */ = {isa = PBXFileReference; includeInIndex = 1; lastKnownFileType = text.xcconfig; name = "Pods-Master-Map.debug.xcconfig"; path = "Pods/Target Support Files/Pods-Master-Map/Pods-Master-Map.debug.xcconfig"; sourceTree = "<group>"; };
		38B02AEB1B82016500C2B0A2 /* Master-Map.app */ = {isa = PBXFileReference; explicitFileType = wrapper.application; includeInIndex = 0; path = "Master-Map.app"; sourceTree = BUILT_PRODUCTS_DIR; };
		38B02AEF1B82016500C2B0A2 /* Info.plist */ = {isa = PBXFileReference; lastKnownFileType = text.plist.xml; path = Info.plist; sourceTree = "<group>"; };
		38B02AF01B82016500C2B0A2 /* main.m */ = {isa = PBXFileReference; lastKnownFileType = sourcecode.c.objc; path = main.m; sourceTree = "<group>"; };
		38B02AF21B82016500C2B0A2 /* AppDelegate.h */ = {isa = PBXFileReference; lastKnownFileType = sourcecode.c.h; path = AppDelegate.h; sourceTree = "<group>"; };
		38B02AF31B82016500C2B0A2 /* AppDelegate.m */ = {isa = PBXFileReference; lastKnownFileType = sourcecode.c.objc; path = AppDelegate.m; sourceTree = "<group>"; };
		38B02AF51B82016500C2B0A2 /* MasterViewController.h */ = {isa = PBXFileReference; lastKnownFileType = sourcecode.c.h; path = MasterViewController.h; sourceTree = "<group>"; };
		38B02AF61B82016500C2B0A2 /* MasterViewController.m */ = {isa = PBXFileReference; lastKnownFileType = sourcecode.c.objc; path = MasterViewController.m; sourceTree = "<group>"; };
		38B02AF81B82016500C2B0A2 /* MapDetailViewController.h */ = {isa = PBXFileReference; lastKnownFileType = sourcecode.c.h; path = MapDetailViewController.h; sourceTree = "<group>"; };
		38B02AF91B82016500C2B0A2 /* MapDetailViewController.m */ = {isa = PBXFileReference; lastKnownFileType = sourcecode.c.objc; path = MapDetailViewController.m; sourceTree = "<group>"; };
		38B02AFC1B82016500C2B0A2 /* Base */ = {isa = PBXFileReference; lastKnownFileType = file.storyboard; name = Base; path = Base.lproj/Main.storyboard; sourceTree = "<group>"; };
		38B02AFE1B82016500C2B0A2 /* Images.xcassets */ = {isa = PBXFileReference; lastKnownFileType = folder.assetcatalog; path = Images.xcassets; sourceTree = "<group>"; };
		38B02B011B82016500C2B0A2 /* Base */ = {isa = PBXFileReference; lastKnownFileType = file.xib; name = Base; path = Base.lproj/LaunchScreen.xib; sourceTree = "<group>"; };
		38B02B071B82016500C2B0A2 /* Master-MapTests.xctest */ = {isa = PBXFileReference; explicitFileType = wrapper.cfbundle; includeInIndex = 0; path = "Master-MapTests.xctest"; sourceTree = BUILT_PRODUCTS_DIR; };
		38B02B0C1B82016500C2B0A2 /* Info.plist */ = {isa = PBXFileReference; lastKnownFileType = text.plist.xml; path = Info.plist; sourceTree = "<group>"; };
		38B02B0D1B82016500C2B0A2 /* Master_MapTests.m */ = {isa = PBXFileReference; lastKnownFileType = sourcecode.c.objc; path = Master_MapTests.m; sourceTree = "<group>"; };
		38B02B171B8205A900C2B0A2 /* MMapConstants.h */ = {isa = PBXFileReference; fileEncoding = 4; lastKnownFileType = sourcecode.c.h; path = MMapConstants.h; sourceTree = "<group>"; };
		38B02B181B8205A900C2B0A2 /* MMapConstants.m */ = {isa = PBXFileReference; fileEncoding = 4; lastKnownFileType = sourcecode.c.objc; path = MMapConstants.m; sourceTree = "<group>"; };
		7355E322774F2A72BDC32C40 /* Pods-Master-Map.release.xcconfig */ = {isa = PBXFileReference; includeInIndex = 1; lastKnownFileType = text.xcconfig; name = "Pods-Master-Map.release.xcconfig"; path = "Pods/Target Support Files/Pods-Master-Map/Pods-Master-Map.release.xcconfig"; sourceTree = "<group>"; };
		D258EFEA5DBF25B880700C4B /* libPods-Master-Map.a */ = {isa = PBXFileReference; explicitFileType = archive.ar; includeInIndex = 0; path = "libPods-Master-Map.a"; sourceTree = BUILT_PRODUCTS_DIR; };
/* End PBXFileReference section */

/* Begin PBXFrameworksBuildPhase section */
		38B02AE81B82016500C2B0A2 /* Frameworks */ = {
			isa = PBXFrameworksBuildPhase;
			buildActionMask = 2147483647;
			files = (
				A6B84F7446286C375610886E /* libPods-Master-Map.a in Frameworks */,
			);
			runOnlyForDeploymentPostprocessing = 0;
		};
		38B02B041B82016500C2B0A2 /* Frameworks */ = {
			isa = PBXFrameworksBuildPhase;
			buildActionMask = 2147483647;
			files = (
			);
			runOnlyForDeploymentPostprocessing = 0;
		};
/* End PBXFrameworksBuildPhase section */

/* Begin PBXGroup section */
		38B02AE21B82016500C2B0A2 = {
			isa = PBXGroup;
			children = (
				38B02AED1B82016500C2B0A2 /* Master-Map */,
				38B02B0A1B82016500C2B0A2 /* Master-MapTests */,
				38B02AEC1B82016500C2B0A2 /* Products */,
				EC4694611102BB931911082D /* Pods */,
				92EF5A7A2D237596C8C64EE0 /* Frameworks */,
			);
			sourceTree = "<group>";
		};
		38B02AEC1B82016500C2B0A2 /* Products */ = {
			isa = PBXGroup;
			children = (
				38B02AEB1B82016500C2B0A2 /* Master-Map.app */,
				38B02B071B82016500C2B0A2 /* Master-MapTests.xctest */,
			);
			name = Products;
			sourceTree = "<group>";
		};
		38B02AED1B82016500C2B0A2 /* Master-Map */ = {
			isa = PBXGroup;
			children = (
				38B02AF21B82016500C2B0A2 /* AppDelegate.h */,
				38B02AF31B82016500C2B0A2 /* AppDelegate.m */,
				38B02AF51B82016500C2B0A2 /* MasterViewController.h */,
				38B02AF61B82016500C2B0A2 /* MasterViewController.m */,
				38B02AF81B82016500C2B0A2 /* MapDetailViewController.h */,
				38B02AF91B82016500C2B0A2 /* MapDetailViewController.m */,
				38B02AFB1B82016500C2B0A2 /* Main.storyboard */,
				38B02AFE1B82016500C2B0A2 /* Images.xcassets */,
				38B02B001B82016500C2B0A2 /* LaunchScreen.xib */,
				38B02B1A1B82068E00C2B0A2 /* Constants */,
				38B02AEE1B82016500C2B0A2 /* Supporting Files */,
			);
			path = "Master-Map";
			sourceTree = "<group>";
		};
		38B02AEE1B82016500C2B0A2 /* Supporting Files */ = {
			isa = PBXGroup;
			children = (
				38B02AEF1B82016500C2B0A2 /* Info.plist */,
				38B02AF01B82016500C2B0A2 /* main.m */,
			);
			name = "Supporting Files";
			sourceTree = "<group>";
		};
		38B02B0A1B82016500C2B0A2 /* Master-MapTests */ = {
			isa = PBXGroup;
			children = (
				38B02B0D1B82016500C2B0A2 /* Master_MapTests.m */,
				38B02B0B1B82016500C2B0A2 /* Supporting Files */,
			);
			path = "Master-MapTests";
			sourceTree = "<group>";
		};
		38B02B0B1B82016500C2B0A2 /* Supporting Files */ = {
			isa = PBXGroup;
			children = (
				38B02B0C1B82016500C2B0A2 /* Info.plist */,
			);
			name = "Supporting Files";
			sourceTree = "<group>";
		};
		38B02B1A1B82068E00C2B0A2 /* Constants */ = {
			isa = PBXGroup;
			children = (
				38B02B171B8205A900C2B0A2 /* MMapConstants.h */,
				38B02B181B8205A900C2B0A2 /* MMapConstants.m */,
			);
			name = Constants;
			sourceTree = "<group>";
		};
		92EF5A7A2D237596C8C64EE0 /* Frameworks */ = {
			isa = PBXGroup;
			children = (
				D258EFEA5DBF25B880700C4B /* libPods-Master-Map.a */,
			);
			name = Frameworks;
			sourceTree = "<group>";
		};
		EC4694611102BB931911082D /* Pods */ = {
			isa = PBXGroup;
			children = (
				33C68B9475FDA6967D0659EB /* Pods-Master-Map.debug.xcconfig */,
				7355E322774F2A72BDC32C40 /* Pods-Master-Map.release.xcconfig */,
			);
			name = Pods;
			sourceTree = "<group>";
		};
/* End PBXGroup section */

/* Begin PBXNativeTarget section */
		38B02AEA1B82016500C2B0A2 /* Master-Map */ = {
			isa = PBXNativeTarget;
			buildConfigurationList = 38B02B111B82016500C2B0A2 /* Build configuration list for PBXNativeTarget "Master-Map" */;
			buildPhases = (
				8A1458C95453B8B7CA2D221B /* Check Pods Manifest.lock */,
				38B02AE71B82016500C2B0A2 /* Sources */,
				38B02AE81B82016500C2B0A2 /* Frameworks */,
				38B02AE91B82016500C2B0A2 /* Resources */,
				97B1990B175ABD4F746130D4 /* Copy Pods Resources */,
			);
			buildRules = (
			);
			dependencies = (
			);
			name = "Master-Map";
			productName = "Master-Map";
			productReference = 38B02AEB1B82016500C2B0A2 /* Master-Map.app */;
			productType = "com.apple.product-type.application";
		};
		38B02B061B82016500C2B0A2 /* Master-MapTests */ = {
			isa = PBXNativeTarget;
			buildConfigurationList = 38B02B141B82016500C2B0A2 /* Build configuration list for PBXNativeTarget "Master-MapTests" */;
			buildPhases = (
				38B02B031B82016500C2B0A2 /* Sources */,
				38B02B041B82016500C2B0A2 /* Frameworks */,
				38B02B051B82016500C2B0A2 /* Resources */,
			);
			buildRules = (
			);
			dependencies = (
				38B02B091B82016500C2B0A2 /* PBXTargetDependency */,
			);
			name = "Master-MapTests";
			productName = "Master-MapTests";
			productReference = 38B02B071B82016500C2B0A2 /* Master-MapTests.xctest */;
			productType = "com.apple.product-type.bundle.unit-test";
		};
/* End PBXNativeTarget section */

/* Begin PBXProject section */
		38B02AE31B82016500C2B0A2 /* Project object */ = {
			isa = PBXProject;
			attributes = {
				LastUpgradeCheck = 0640;
				ORGANIZATIONNAME = "Amitai Blickstein, LLC";
				TargetAttributes = {
					38B02AEA1B82016500C2B0A2 = {
						CreatedOnToolsVersion = 6.4;
						DevelopmentTeam = 8VC65F749H;
					};
					38B02B061B82016500C2B0A2 = {
						CreatedOnToolsVersion = 6.4;
						TestTargetID = 38B02AEA1B82016500C2B0A2;
					};
				};
			};
			buildConfigurationList = 38B02AE61B82016500C2B0A2 /* Build configuration list for PBXProject "Master-Map" */;
			compatibilityVersion = "Xcode 3.2";
			developmentRegion = English;
			hasScannedForEncodings = 0;
			knownRegions = (
				en,
				Base,
			);
			mainGroup = 38B02AE21B82016500C2B0A2;
			productRefGroup = 38B02AEC1B82016500C2B0A2 /* Products */;
			projectDirPath = "";
			projectRoot = "";
			targets = (
				38B02AEA1B82016500C2B0A2 /* Master-Map */,
				38B02B061B82016500C2B0A2 /* Master-MapTests */,
			);
		};
/* End PBXProject section */

/* Begin PBXResourcesBuildPhase section */
		38B02AE91B82016500C2B0A2 /* Resources */ = {
			isa = PBXResourcesBuildPhase;
			buildActionMask = 2147483647;
			files = (
				38B02AFD1B82016500C2B0A2 /* Main.storyboard in Resources */,
				38B02B021B82016500C2B0A2 /* LaunchScreen.xib in Resources */,
				38B02AFF1B82016500C2B0A2 /* Images.xcassets in Resources */,
			);
			runOnlyForDeploymentPostprocessing = 0;
		};
		38B02B051B82016500C2B0A2 /* Resources */ = {
			isa = PBXResourcesBuildPhase;
			buildActionMask = 2147483647;
			files = (
			);
			runOnlyForDeploymentPostprocessing = 0;
		};
/* End PBXResourcesBuildPhase section */

/* Begin PBXShellScriptBuildPhase section */
		8A1458C95453B8B7CA2D221B /* Check Pods Manifest.lock */ = {
			isa = PBXShellScriptBuildPhase;
			buildActionMask = 2147483647;
			files = (
			);
			inputPaths = (
			);
			name = "Check Pods Manifest.lock";
			outputPaths = (
			);
			runOnlyForDeploymentPostprocessing = 0;
			shellPath = /bin/sh;
			shellScript = "diff \"${PODS_ROOT}/../Podfile.lock\" \"${PODS_ROOT}/Manifest.lock\" > /dev/null\nif [[ $? != 0 ]] ; then\n    cat << EOM\nerror: The sandbox is not in sync with the Podfile.lock. Run 'pod install' or update your CocoaPods installation.\nEOM\n    exit 1\nfi\n";
			showEnvVarsInLog = 0;
		};
		97B1990B175ABD4F746130D4 /* Copy Pods Resources */ = {
			isa = PBXShellScriptBuildPhase;
			buildActionMask = 2147483647;
			files = (
			);
			inputPaths = (
			);
			name = "Copy Pods Resources";
			outputPaths = (
			);
			runOnlyForDeploymentPostprocessing = 0;
			shellPath = /bin/sh;
			shellScript = "\"${SRCROOT}/Pods/Target Support Files/Pods-Master-Map/Pods-Master-Map-resources.sh\"\n";
			showEnvVarsInLog = 0;
		};
/* End PBXShellScriptBuildPhase section */

/* Begin PBXSourcesBuildPhase section */
		38B02AE71B82016500C2B0A2 /* Sources */ = {
			isa = PBXSourcesBuildPhase;
			buildActionMask = 2147483647;
			files = (
				38B02AF41B82016500C2B0A2 /* AppDelegate.m in Sources */,
				38B02AF71B82016500C2B0A2 /* MasterViewController.m in Sources */,
				38B02B191B8205A900C2B0A2 /* MMapConstants.m in Sources */,
				38B02AF11B82016500C2B0A2 /* main.m in Sources */,
				38B02AFA1B82016500C2B0A2 /* MapDetailViewController.m in Sources */,
			);
			runOnlyForDeploymentPostprocessing = 0;
		};
		38B02B031B82016500C2B0A2 /* Sources */ = {
			isa = PBXSourcesBuildPhase;
			buildActionMask = 2147483647;
			files = (
				38B02B0E1B82016500C2B0A2 /* Master_MapTests.m in Sources */,
			);
			runOnlyForDeploymentPostprocessing = 0;
		};
/* End PBXSourcesBuildPhase section */

/* Begin PBXTargetDependency section */
		38B02B091B82016500C2B0A2 /* PBXTargetDependency */ = {
			isa = PBXTargetDependency;
			target = 38B02AEA1B82016500C2B0A2 /* Master-Map */;
			targetProxy = 38B02B081B82016500C2B0A2 /* PBXContainerItemProxy */;
		};
/* End PBXTargetDependency section */

/* Begin PBXVariantGroup section */
		38B02AFB1B82016500C2B0A2 /* Main.storyboard */ = {
			isa = PBXVariantGroup;
			children = (
				38B02AFC1B82016500C2B0A2 /* Base */,
			);
			name = Main.storyboard;
			sourceTree = "<group>";
		};
		38B02B001B82016500C2B0A2 /* LaunchScreen.xib */ = {
			isa = PBXVariantGroup;
			children = (
				38B02B011B82016500C2B0A2 /* Base */,
			);
			name = LaunchScreen.xib;
			sourceTree = "<group>";
		};
/* End PBXVariantGroup section */

/* Begin XCBuildConfiguration section */
		38B02B0F1B82016500C2B0A2 /* Debug */ = {
			isa = XCBuildConfiguration;
			buildSettings = {
				ALWAYS_SEARCH_USER_PATHS = NO;
				CLANG_CXX_LANGUAGE_STANDARD = "gnu++0x";
				CLANG_CXX_LIBRARY = "libc++";
				CLANG_ENABLE_MODULES = YES;
				CLANG_ENABLE_OBJC_ARC = YES;
				CLANG_WARN_BOOL_CONVERSION = YES;
				CLANG_WARN_CONSTANT_CONVERSION = YES;
				CLANG_WARN_DIRECT_OBJC_ISA_USAGE = YES_ERROR;
				CLANG_WARN_EMPTY_BODY = YES;
				CLANG_WARN_ENUM_CONVERSION = YES;
				CLANG_WARN_INT_CONVERSION = YES;
				CLANG_WARN_OBJC_ROOT_CLASS = YES_ERROR;
				CLANG_WARN_UNREACHABLE_CODE = YES;
				CLANG_WARN__DUPLICATE_METHOD_MATCH = YES;
				"CODE_SIGN_IDENTITY[sdk=iphoneos*]" = "iPhone Developer";
				COPY_PHASE_STRIP = NO;
				DEBUG_INFORMATION_FORMAT = "dwarf-with-dsym";
				ENABLE_STRICT_OBJC_MSGSEND = YES;
				GCC_C_LANGUAGE_STANDARD = gnu99;
				GCC_DYNAMIC_NO_PIC = NO;
				GCC_NO_COMMON_BLOCKS = YES;
				GCC_OPTIMIZATION_LEVEL = 0;
				GCC_PREPROCESSOR_DEFINITIONS = (
					"DEBUG=1",
					"$(inherited)",
				);
				GCC_SYMBOLS_PRIVATE_EXTERN = NO;
				GCC_WARN_64_TO_32_BIT_CONVERSION = YES;
				GCC_WARN_ABOUT_RETURN_TYPE = YES_ERROR;
				GCC_WARN_UNDECLARED_SELECTOR = YES;
				GCC_WARN_UNINITIALIZED_AUTOS = YES_AGGRESSIVE;
				GCC_WARN_UNUSED_FUNCTION = YES;
				GCC_WARN_UNUSED_VARIABLE = YES;
				IPHONEOS_DEPLOYMENT_TARGET = 8.4;
				MTL_ENABLE_DEBUG_INFO = YES;
				ONLY_ACTIVE_ARCH = YES;
				SDKROOT = iphoneos;
			};
			name = Debug;
		};
		38B02B101B82016500C2B0A2 /* Release */ = {
			isa = XCBuildConfiguration;
			buildSettings = {
				ALWAYS_SEARCH_USER_PATHS = NO;
				CLANG_CXX_LANGUAGE_STANDARD = "gnu++0x";
				CLANG_CXX_LIBRARY = "libc++";
				CLANG_ENABLE_MODULES = YES;
				CLANG_ENABLE_OBJC_ARC = YES;
				CLANG_WARN_BOOL_CONVERSION = YES;
				CLANG_WARN_CONSTANT_CONVERSION = YES;
				CLANG_WARN_DIRECT_OBJC_ISA_USAGE = YES_ERROR;
				CLANG_WARN_EMPTY_BODY = YES;
				CLANG_WARN_ENUM_CONVERSION = YES;
				CLANG_WARN_INT_CONVERSION = YES;
				CLANG_WARN_OBJC_ROOT_CLASS = YES_ERROR;
				CLANG_WARN_UNREACHABLE_CODE = YES;
				CLANG_WARN__DUPLICATE_METHOD_MATCH = YES;
				"CODE_SIGN_IDENTITY[sdk=iphoneos*]" = "iPhone Developer";
				COPY_PHASE_STRIP = NO;
				DEBUG_INFORMATION_FORMAT = "dwarf-with-dsym";
				ENABLE_NS_ASSERTIONS = NO;
				ENABLE_STRICT_OBJC_MSGSEND = YES;
				GCC_C_LANGUAGE_STANDARD = gnu99;
				GCC_NO_COMMON_BLOCKS = YES;
				GCC_WARN_64_TO_32_BIT_CONVERSION = YES;
				GCC_WARN_ABOUT_RETURN_TYPE = YES_ERROR;
				GCC_WARN_UNDECLARED_SELECTOR = YES;
				GCC_WARN_UNINITIALIZED_AUTOS = YES_AGGRESSIVE;
				GCC_WARN_UNUSED_FUNCTION = YES;
				GCC_WARN_UNUSED_VARIABLE = YES;
				IPHONEOS_DEPLOYMENT_TARGET = 8.4;
				MTL_ENABLE_DEBUG_INFO = NO;
				SDKROOT = iphoneos;
				VALIDATE_PRODUCT = YES;
			};
			name = Release;
		};
		38B02B121B82016500C2B0A2 /* Debug */ = {
			isa = XCBuildConfiguration;
			baseConfigurationReference = 33C68B9475FDA6967D0659EB /* Pods-Master-Map.debug.xcconfig */;
			buildSettings = {
				ASSETCATALOG_COMPILER_APPICON_NAME = AppIcon;
				CODE_SIGN_IDENTITY = "iPhone Developer";
				INFOPLIST_FILE = "Master-Map/Info.plist";
				LD_RUNPATH_SEARCH_PATHS = "$(inherited) @executable_path/Frameworks";
				PRODUCT_NAME = "$(TARGET_NAME)";
			};
			name = Debug;
		};
		38B02B131B82016500C2B0A2 /* Release */ = {
			isa = XCBuildConfiguration;
			baseConfigurationReference = 7355E322774F2A72BDC32C40 /* Pods-Master-Map.release.xcconfig */;
			buildSettings = {
				ASSETCATALOG_COMPILER_APPICON_NAME = AppIcon;
				CODE_SIGN_IDENTITY = "iPhone Developer";
				INFOPLIST_FILE = "Master-Map/Info.plist";
				LD_RUNPATH_SEARCH_PATHS = "$(inherited) @executable_path/Frameworks";
				PRODUCT_NAME = "$(TARGET_NAME)";
			};
			name = Release;
		};
		38B02B151B82016500C2B0A2 /* Debug */ = {
			isa = XCBuildConfiguration;
			buildSettings = {
				BUNDLE_LOADER = "$(TEST_HOST)";
				FRAMEWORK_SEARCH_PATHS = (
					"$(SDKROOT)/Developer/Library/Frameworks",
					"$(inherited)",
				);
				GCC_PREPROCESSOR_DEFINITIONS = (
					"DEBUG=1",
					"$(inherited)",
				);
				INFOPLIST_FILE = "Master-MapTests/Info.plist";
				LD_RUNPATH_SEARCH_PATHS = "$(inherited) @executable_path/Frameworks @loader_path/Frameworks";
				PRODUCT_NAME = "$(TARGET_NAME)";
				TEST_HOST = "$(BUILT_PRODUCTS_DIR)/Master-Map.app/Master-Map";
			};
			name = Debug;
		};
		38B02B161B82016500C2B0A2 /* Release */ = {
			isa = XCBuildConfiguration;
			buildSettings = {
				BUNDLE_LOADER = "$(TEST_HOST)";
				FRAMEWORK_SEARCH_PATHS = (
					"$(SDKROOT)/Developer/Library/Frameworks",
					"$(inherited)",
				);
				INFOPLIST_FILE = "Master-MapTests/Info.plist";
				LD_RUNPATH_SEARCH_PATHS = "$(inherited) @executable_path/Frameworks @loader_path/Frameworks";
				PRODUCT_NAME = "$(TARGET_NAME)";
				TEST_HOST = "$(BUILT_PRODUCTS_DIR)/Master-Map.app/Master-Map";
			};
			name = Release;
		};
/* End XCBuildConfiguration section */

/* Begin XCConfigurationList section */
		38B02AE61B82016500C2B0A2 /* Build configuration list for PBXProject "Master-Map" */ = {
			isa = XCConfigurationList;
			buildConfigurations = (
				38B02B0F1B82016500C2B0A2 /* Debug */,
				38B02B101B82016500C2B0A2 /* Release */,
			);
			defaultConfigurationIsVisible = 0;
			defaultConfigurationName = Release;
		};
		38B02B111B82016500C2B0A2 /* Build configuration list for PBXNativeTarget "Master-Map" */ = {
			isa = XCConfigurationList;
			buildConfigurations = (
				38B02B121B82016500C2B0A2 /* Debug */,
				38B02B131B82016500C2B0A2 /* Release */,
			);
			defaultConfigurationIsVisible = 0;
			defaultConfigurationName = Release;
		};
		38B02B141B82016500C2B0A2 /* Build configuration list for PBXNativeTarget "Master-MapTests" */ = {
			isa = XCConfigurationList;
			buildConfigurations = (
				38B02B151B82016500C2B0A2 /* Debug */,
				38B02B161B82016500C2B0A2 /* Release */,
			);
			defaultConfigurationIsVisible = 0;
			defaultConfigurationName = Release;
		};
/* End XCConfigurationList section */
	};
	rootObject = 38B02AE31B82016500C2B0A2 /* Project object */;
}
